Microsoft Visual Studio Solution File, Format Version 11.00
# Visual Studio 2008

Project("{559D19AB-3683-7199-06AF-3F516902E1A3}") = "For Buddy!", "Assembly-CSharp.csproj", "{A7918A6B-42D9-FAE5-2391-8A8070DB66F0}"
EndProject
Global
	GlobalSection(SolutionConfigurationPlatforms) = preSolution
		Debug|Any CPU = Debug|Any CPU
		Release|Any CPU = Release|Any CPU
	EndGlobalSection
	GlobalSection(ProjectConfigurationPlatforms) = postSolution
		{A7918A6B-42D9-FAE5-2391-8A8070DB66F0}.Debug|Any CPU.ActiveCfg = Debug|Any CPU
		{A7918A6B-42D9-FAE5-2391-8A8070DB66F0}.Debug|Any CPU.Build.0 = Debug|Any CPU
		{A7918A6B-42D9-FAE5-2391-8A8070DB66F0}.Release|Any CPU.ActiveCfg = Release|Any CPU
		{A7918A6B-42D9-FAE5-2391-8A8070DB66F0}.Release|Any CPU.Build.0 = Release|Any CPU
	EndGlobalSection
	GlobalSection(SolutionProperties) = preSolution
		HideSolutionNode = FALSE
	EndGlobalSection
	GlobalSection(MonoDevelopProperties) = preSolution
		StartupItem = Assembly-CSharp.csproj
	EndGlobalSection
EndGlobal
